{
    "_readme": [
        "This file locks the dependencies of your project to a known state",
        "Read more about it at https://getcomposer.org/doc/01-basic-usage.md#composer-lock-the-lock-file",
        "This file is @generated automatically"
    ],
    "hash": "a13b84e084e7a196c8cc07ffbbeac0b7",
    "content-hash": "6a6795041e91a16417c36b270227f824",
    "packages": [
        {
            "name": "js-phpize/js-phpize",
            "version": "1.12.0",
            "source": {
                "type": "git",
                "url": "https://github.com/pug-php/js-phpize.git",
                "reference": "0e13b055ea31d9655f98287c5131af1037dd8a6a"
            },
            "dist": {
                "type": "zip",
                "url": "https://api.github.com/repos/pug-php/js-phpize/zipball/0e13b055ea31d9655f98287c5131af1037dd8a6a",
                "reference": "0e13b055ea31d9655f98287c5131af1037dd8a6a",
                "shasum": ""
            },
            "require": {
                "ext-mbstring": "*",
                "php": ">=5.3.0"
            },
            "require-dev": {
                "codeclimate/php-test-reporter": "dev-master",
                "phpunit/phpunit": ">=4.8.35 <6.0"
            },
            "type": "library",
            "autoload": {
                "psr-0": {
                    "JsPhpize": "src/"
                }
            },
            "notification-url": "https://packagist.org/downloads/",
            "license": [
                "MIT"
            ],
            "authors": [
                {
                    "name": "Kyle Katarn",
                    "email": "kylekatarnls@gmail.com"
                }
            ],
            "description": "Convert js-like syntax to standalone PHP code.",
            "time": "2017-12-05 09:22:31"
        },
        {
            "name": "js-phpize/js-phpize-phug",
            "version": "1.1.7",
            "source": {
                "type": "git",
                "url": "https://github.com/pug-php/js-phpize-phug.git",
                "reference": "64aca5c6baecc840372dc1fe515656e15ac31dee"
            },
            "dist": {
                "type": "zip",
                "url": "https://api.github.com/repos/pug-php/js-phpize-phug/zipball/64aca5c6baecc840372dc1fe515656e15ac31dee",
                "reference": "64aca5c6baecc840372dc1fe515656e15ac31dee",
                "shasum": ""
            },
            "require": {
                "js-phpize/js-phpize": "^1.10.1",
                "php": ">=5.3.0",
                "phug/compiler": "^0.5.0"
            },
            "require-dev": {
                "codeclimate/php-test-reporter": "dev-master",
                "phpunit/phpunit": ">=4.8 <6.0"
            },
            "type": "library",
            "autoload": {
                "psr-0": {
                    "JsPhpize": "src/"
                }
            },
            "notification-url": "https://packagist.org/downloads/",
            "license": [
                "MIT"
            ],
            "authors": [
                {
                    "name": "Kyle Katarn",
                    "email": "kylekatarnls@gmail.com"
                }
            ],
            "description": "Convert js-like syntax to standalone PHP code.",
            "time": "2017-10-06 21:29:49"
        },
        {
            "name": "js-transformer/js-transformer",
            "version": "1.0.0",
            "source": {
                "type": "git",
                "url": "https://github.com/kylekatarnls/js-transformer-php-wrap.git",
                "reference": "81730d3ae67824d664615ebb7f721cfa7d77179f"
            },
            "dist": {
                "type": "zip",
                "url": "https://api.github.com/repos/kylekatarnls/js-transformer-php-wrap/zipball/81730d3ae67824d664615ebb7f721cfa7d77179f",
                "reference": "81730d3ae67824d664615ebb7f721cfa7d77179f",
                "shasum": ""
            },
            "require": {
                "nodejs-php-fallback/nodejs-php-fallback": "^1.2"
            },
            "require-dev": {
                "codeclimate/php-test-reporter": ">=0.3",
                "phpunit/phpunit": ">=4.8 <6.0"
            },
            "type": "library",
            "extra": {
                "npm": {
                    "jstransformer": "^1.0.0"
                }
            },
            "autoload": {
                "psr-4": {
                    "": "./src"
                }
            },
            "notification-url": "https://packagist.org/downloads/",
            "license": [
                "MIT"
            ],
            "homepage": "https://github.com/kylekatarnls/js-transformer-php-wrap",
            "keywords": [
                "js-transformer"
            ],
            "time": "2017-10-27 21:27:00"
        },
        {
            "name": "nodejs-php-fallback/nodejs-php-fallback",
            "version": "1.3.1",
            "source": {
                "type": "git",
                "url": "https://github.com/kylekatarnls/nodejs-php-fallback.git",
                "reference": "3d034b21f16e814fd4d9b04a4f6472dc6337175a"
            },
            "dist": {
                "type": "zip",
                "url": "https://api.github.com/repos/kylekatarnls/nodejs-php-fallback/zipball/3d034b21f16e814fd4d9b04a4f6472dc6337175a",
                "reference": "3d034b21f16e814fd4d9b04a4f6472dc6337175a",
                "shasum": ""
            },
            "require": {
                "composer-plugin-api": "^1.0",
                "php": ">=5.3.0"
            },
            "require-dev": {
                "codeclimate/php-test-reporter": "dev-master",
                "composer/composer": "^1.2",
                "phpunit/phpunit": ">=4.8 <6.0"
            },
            "type": "composer-plugin",
            "extra": {
                "class": "NodejsPhpFallback\\ComposerPlugin"
            },
            "autoload": {
                "psr-0": {
                    "NodejsPhpFallback\\": "src/"
                }
            },
            "notification-url": "https://packagist.org/downloads/",
            "license": [
                "MIT"
            ],
            "authors": [
                {
                    "name": "Kyle",
                    "email": "kylekatarnls@gmail.com"
                }
            ],
            "description": "Allow you to call node.js module or scripts throught PHP and call a fallback function if node.js is not available",
            "time": "2017-11-03 08:55:02"
        },
        {
            "name": "phug/ast",
            "version": "0.1.0",
            "source": {
                "type": "git",
                "url": "https://github.com/phug-php/ast.git",
                "reference": "1eed5ffa56b56362cafc39ed976d63cef50343eb"
            },
            "dist": {
                "type": "zip",
                "url": "https://api.github.com/repos/phug-php/ast/zipball/1eed5ffa56b56362cafc39ed976d63cef50343eb",
                "reference": "1eed5ffa56b56362cafc39ed976d63cef50343eb",
                "shasum": ""
            },
            "require": {
                "php": ">=5.5.0"
            },
            "require-dev": {
                "phug/dev-tool": "^0.1.0"
            },
            "type": "library",
            "autoload": {
                "psr-4": {
                    "": "./src"
                }
            },
            "notification-url": "https://packagist.org/downloads/",
            "license": [
                "MIT"
            ],
            "authors": [
                {
                    "name": "Torben Koehn",
                    "email": "torben@talesoft.codes"
                },
                {
                    "name": "KyleKatarn",
                    "email": "jade-php@selfbuild.fr",
                    "homepage": "http://github.com/kylekatarnls"
                }
            ],
            "homepage": "http://phug-lang.com",
            "keywords": [
                "ast",
                "dialect",
                "html",
                "jade",
                "php",
                "phtml",
                "phug",
                "presentation",
                "pug",
                "render",
                "template",
                "views"
            ],
            "time": "2016-12-28 16:34:09"
        },
        {
            "name": "phug/compiler",
            "version": "0.5.16",
            "source": {
                "type": "git",
                "url": "https://github.com/phug-php/compiler.git",
                "reference": "c0f1d450a683fb2d4c0b64ed782a3a469b2a5fad"
            },
            "dist": {
                "type": "zip",
                "url": "https://api.github.com/repos/phug-php/compiler/zipball/c0f1d450a683fb2d4c0b64ed782a3a469b2a5fad",
                "reference": "c0f1d450a683fb2d4c0b64ed782a3a469b2a5fad",
                "shasum": ""
            },
            "require": {
                "php": ">=5.5.0",
                "phug/dependency-injection": "^1.1.2",
                "phug/formatter": "^0.5.0",
                "phug/parser": "^0.5.0",
                "phug/util": "^0.4.0"
            },
            "require-dev": {
                "js-phpize/js-phpize": "^1.4",
                "phug/dev-tool": "^0.1.0",
                "pug-php/pug-filter-coffee-script": "^1.2"
            },
            "type": "library",
            "autoload": {
                "psr-4": {
                    "": "./src"
                }
            },
            "notification-url": "https://packagist.org/downloads/",
            "license": [
                "MIT"
            ],
            "authors": [
                {
                    "name": "KyleKatarn",
                    "email": "jade-php@selfbuild.fr",
                    "homepage": "http://github.com/kylekatarnls"
                }
            ],
            "homepage": "http://phug-lang.com",
            "keywords": [
                "compiler",
                "dialect",
                "html",
                "jade",
                "php",
                "phtml",
                "phug",
                "presentation",
                "pug",
                "render",
                "template",
                "views"
            ],
            "time": "2017-12-28 12:49:51"
        },
        {
            "name": "phug/dependency-injection",
            "version": "1.3.2",
            "source": {
                "type": "git",
                "url": "https://github.com/phug-php/dependency-injection.git",
                "reference": "6b71337bd484c4e25a40ce7afcf8a61cf41965bf"
            },
            "dist": {
                "type": "zip",
                "url": "https://api.github.com/repos/phug-php/dependency-injection/zipball/6b71337bd484c4e25a40ce7afcf8a61cf41965bf",
                "reference": "6b71337bd484c4e25a40ce7afcf8a61cf41965bf",
                "shasum": ""
            },
            "require": {
                "phug/util": "^0.4.0"
            },
            "require-dev": {
                "phug/dev-tool": "^0.1.0"
            },
            "type": "library",
            "autoload": {
                "psr-4": {
                    "": "./src"
                }
            },
            "notification-url": "https://packagist.org/downloads/",
            "license": [
                "MIT"
            ],
            "authors": [
                {
                    "name": "Torben Koehn",
                    "email": "torben@talesoft.codes"
                },
                {
                    "name": "KyleKatarn",
                    "email": "jade-php@selfbuild.fr",
                    "homepage": "http://github.com/kylekatarnls"
                }
            ],
            "homepage": "http://phug-lang.com",
            "keywords": [
                "dependency-injection",
                "dialect",
                "html",
                "jade",
                "php",
                "phtml",
                "phug",
                "presentation",
                "pug",
                "render",
                "template",
                "views"
            ],
            "time": "2017-10-11 13:13:35"
        },
        {
            "name": "phug/event",
            "version": "0.1.0",
            "source": {
                "type": "git",
                "url": "https://github.com/phug-php/event.git",
                "reference": "e9d126a04582995ec49740a64563a76ff6e15e98"
            },
            "dist": {
                "type": "zip",
                "url": "https://api.github.com/repos/phug-php/event/zipball/e9d126a04582995ec49740a64563a76ff6e15e98",
                "reference": "e9d126a04582995ec49740a64563a76ff6e15e98",
                "shasum": ""
            },
            "require": {
                "php": ">=5.5.0"
            },
            "require-dev": {
                "phug/dev-tool": "^0.1.0"
            },
            "type": "library",
            "autoload": {
                "psr-4": {
                    "": "./src"
                }
            },
            "notification-url": "https://packagist.org/downloads/",
            "license": [
                "MIT"
            ],
            "authors": [
                {
                    "name": "Torben Koehn",
                    "email": "torben@talesoft.codes"
                },
                {
                    "name": "KyleKatarn",
                    "email": "jade-php@selfbuild.fr",
                    "homepage": "http://github.com/kylekatarnls"
                }
            ],
            "homepage": "http://phug-lang.com",
            "keywords": [
                "event",
                "phug"
            ],
            "time": "2017-07-06 21:20:20"
        },
        {
            "name": "phug/formatter",
            "version": "0.5.36",
            "source": {
                "type": "git",
                "url": "https://github.com/phug-php/formatter.git",
                "reference": "9183dd7f731d9d11a785b06e6ab67cbfd57ef140"
            },
            "dist": {
                "type": "zip",
                "url": "https://api.github.com/repos/phug-php/formatter/zipball/9183dd7f731d9d11a785b06e6ab67cbfd57ef140",
                "reference": "9183dd7f731d9d11a785b06e6ab67cbfd57ef140",
                "shasum": ""
            },
            "require": {
                "php": ">=5.5.0",
                "phug/dependency-injection": "^1.3.0",
                "phug/parser": "^0.5.0",
                "phug/util": "^0.4.0"
            },
            "require-dev": {
                "phug/dev-tool": "^0.1.0"
            },
            "type": "library",
            "autoload": {
                "psr-4": {
                    "": "./src"
                }
            },
            "notification-url": "https://packagist.org/downloads/",
            "license": [
                "MIT"
            ],
            "authors": [
                {
                    "name": "Torben Koehn",
                    "email": "torben@talesoft.codes"
                },
                {
                    "name": "KyleKatarn",
                    "email": "jade-php@selfbuild.fr",
                    "homepage": "http://github.com/kylekatarnls"
                }
            ],
            "homepage": "http://phug-lang.com",
            "keywords": [
                "ast",
                "dialect",
                "html",
                "jade",
                "php",
                "phtml",
                "phug",
                "presentation",
                "pug",
                "render",
                "template",
                "views"
            ],
            "time": "2017-12-28 11:01:41"
        },
        {
            "name": "phug/js-transformer-filter",
            "version": "1.0.1",
            "source": {
                "type": "git",
                "url": "https://github.com/phug-php/js-transformer-filter.git",
                "reference": "8349c1853cf66986dd70c839fc32e1f82b097588"
            },
            "dist": {
                "type": "zip",
                "url": "https://api.github.com/repos/phug-php/js-transformer-filter/zipball/8349c1853cf66986dd70c839fc32e1f82b097588",
                "reference": "8349c1853cf66986dd70c839fc32e1f82b097588",
                "shasum": ""
            },
            "require": {
                "js-transformer/js-transformer": "^1.0",
                "phug/phug": "^0.1.8 || ^0.2.0"
            },
            "require-dev": {
                "phug/dev-tool": "^0.1.11"
            },
            "type": "library",
            "extra": {
                "npm-confirm": {
                    "jstransformer": "It allows you to use any jstransformer npm package as filter by adding it in your extra.npm section of composer.json."
                }
            },
            "autoload": {
                "psr-0": {
                    "Phug\\": "./src"
                }
            },
            "notification-url": "https://packagist.org/downloads/",
            "license": [
                "MIT"
            ],
            "description": "Allow to use any js-transformer as filter in Phug",
            "homepage": "https://phug-lang.com",
            "keywords": [
                "js-transformer"
            ],
            "time": "2017-12-05 13:59:45"
        },
        {
            "name": "phug/lexer",
            "version": "0.5.18",
            "source": {
                "type": "git",
                "url": "https://github.com/phug-php/lexer.git",
                "reference": "40502ec95773210101cc4e67c118d0d47871db1e"
            },
            "dist": {
                "type": "zip",
                "url": "https://api.github.com/repos/phug-php/lexer/zipball/40502ec95773210101cc4e67c118d0d47871db1e",
                "reference": "40502ec95773210101cc4e67c118d0d47871db1e",
                "shasum": ""
            },
            "require": {
                "php": ">=5.5.0",
                "phug/reader": "^0.2.0",
                "phug/util": "^0.4.0"
            },
            "require-dev": {
                "phug/dev-tool": "^0.1.0"
            },
            "type": "library",
            "autoload": {
                "psr-4": {
                    "": "./src"
                }
            },
            "notification-url": "https://packagist.org/downloads/",
            "license": [
                "MIT"
            ],
            "authors": [
                {
                    "name": "Torben Koehn",
                    "email": "torben@talesoft.codes"
                },
                {
                    "name": "KyleKatarn",
                    "email": "jade-php@selfbuild.fr",
                    "homepage": "http://github.com/kylekatarnls"
                }
            ],
            "homepage": "http://phug-lang.com",
            "keywords": [
                "dialect",
                "html",
                "jade",
                "lexer",
                "php",
                "phtml",
                "phug",
                "presentation",
                "pug",
                "render",
                "template",
                "views"
            ],
            "time": "2018-01-02 09:13:25"
        },
        {
            "name": "phug/parser",
            "version": "0.5.8",
            "source": {
                "type": "git",
                "url": "https://github.com/phug-php/parser.git",
                "reference": "0e0f1f9cd7925a72928ede61e63c3af6b77269ef"
            },
            "dist": {
                "type": "zip",
                "url": "https://api.github.com/repos/phug-php/parser/zipball/0e0f1f9cd7925a72928ede61e63c3af6b77269ef",
                "reference": "0e0f1f9cd7925a72928ede61e63c3af6b77269ef",
                "shasum": ""
            },
            "require": {
                "php": ">=5.5.0",
                "phug/ast": "^0.1.0",
                "phug/lexer": "^0.5.6",
                "phug/util": "^0.4.0"
            },
            "require-dev": {
                "phug/dev-tool": "^0.1.0"
            },
            "type": "library",
            "autoload": {
                "psr-4": {
                    "": "./src"
                }
            },
            "notification-url": "https://packagist.org/downloads/",
            "license": [
                "MIT"
            ],
            "authors": [
                {
                    "name": "Torben Koehn",
                    "email": "torben@talesoft.codes"
                },
                {
                    "name": "KyleKatarn",
                    "email": "jade-php@selfbuild.fr",
                    "homepage": "http://github.com/kylekatarnls"
                }
            ],
            "homepage": "http://phug-lang.com",
            "keywords": [
                "dialect",
                "html",
                "jade",
                "php",
                "phtml",
                "phug",
                "presentation",
                "pug",
                "reader",
                "render",
                "template",
                "views"
            ],
            "time": "2017-12-21 16:58:03"
        },
        {
            "name": "phug/phug",
            "version": "0.2.2",
            "source": {
                "type": "git",
                "url": "https://github.com/phug-php/phug.git",
                "reference": "0bc1c673f6cd72f44d47ab017d93a5751eb30d63"
            },
            "dist": {
                "type": "zip",
                "url": "https://api.github.com/repos/phug-php/phug/zipball/0bc1c673f6cd72f44d47ab017d93a5751eb30d63",
                "reference": "0bc1c673f6cd72f44d47ab017d93a5751eb30d63",
                "shasum": ""
            },
            "require": {
                "php": ">=5.5.0",
                "phug/renderer": "^0.3.2"
            },
            "require-dev": {
                "phug/dev-tool": "^0.1.0"
            },
            "bin": [
                "phug"
            ],
            "type": "library",
            "autoload": {
                "psr-4": {
                    "": "./src"
                },
                "psr-0": {
                    "Phug": "./src"
                }
            },
            "notification-url": "https://packagist.org/downloads/",
            "license": [
                "MIT"
            ],
            "authors": [
                {
                    "name": "KyleKatarn",
                    "email": "jade-php@selfbuild.fr",
                    "homepage": "http://github.com/kylekatarnls"
                }
            ],
            "homepage": "http://phug-lang.com",
            "keywords": [
                "compiler",
                "dialect",
                "html",
                "jade",
                "php",
                "phtml",
                "phug",
                "presentation",
                "pug",
                "render",
                "template",
                "views"
            ],
            "time": "2018-01-03 14:16:47"
        },
        {
            "name": "phug/reader",
            "version": "0.2.1",
            "source": {
                "type": "git",
                "url": "https://github.com/phug-php/reader.git",
                "reference": "9af727a04f1c22d9ee23fba64b35b375abd5262c"
            },
            "dist": {
                "type": "zip",
                "url": "https://api.github.com/repos/phug-php/reader/zipball/9af727a04f1c22d9ee23fba64b35b375abd5262c",
                "reference": "9af727a04f1c22d9ee23fba64b35b375abd5262c",
                "shasum": ""
            },
            "require": {
                "php": ">=5.5.0",
                "psr/http-message": "^1.0",
                "symfony/polyfill-mbstring": "*"
            },
            "require-dev": {
                "phug/dev-tool": "^0.1.0",
                "phug/util": "^0.3.5"
            },
            "type": "library",
            "autoload": {
                "psr-4": {
                    "": "./src"
                }
            },
            "notification-url": "https://packagist.org/downloads/",
            "license": [
                "MIT"
            ],
            "authors": [
                {
                    "name": "Torben Koehn",
                    "email": "torben@talesoft.codes"
                }
            ],
            "homepage": "http://phug-lang.com",
            "keywords": [
                "dialect",
                "html",
                "jade",
                "php",
                "phtml",
                "phug",
                "presentation",
                "pug",
                "reader",
                "render",
                "template",
                "views"
            ],
            "time": "2017-12-12 16:08:44"
        },
        {
            "name": "phug/renderer",
            "version": "0.3.2",
            "source": {
                "type": "git",
                "url": "https://github.com/phug-php/renderer.git",
                "reference": "afbf12c3598662b3b7c8395a0fab1370c86a0729"
            },
            "dist": {
                "type": "zip",
                "url": "https://api.github.com/repos/phug-php/renderer/zipball/afbf12c3598662b3b7c8395a0fab1370c86a0729",
                "reference": "afbf12c3598662b3b7c8395a0fab1370c86a0729",
                "shasum": ""
            },
            "require": {
                "php": ">=5.5.0",
                "phug/compiler": "^0.5.0",
                "phug/util": "^0.4.5"
            },
            "require-dev": {
                "cebe/markdown": "^1.1",
                "js-phpize/js-phpize-phug": "^1.1.2",
                "nodejs-php-fallback/coffeescript": "^1.0",
                "nodejs-php-fallback/less": "^1.0",
                "nodejs-php-fallback/stylus": "^1.0",
                "nodejs-php-fallback/uglify": "^1.0",
                "phug/dev-tool": "^0.1.0"
            },
            "type": "library",
            "autoload": {
                "psr-4": {
                    "": "./src"
                }
            },
            "notification-url": "https://packagist.org/downloads/",
            "license": [
                "MIT"
            ],
            "authors": [
                {
                    "name": "KyleKatarn",
                    "email": "jade-php@selfbuild.fr",
                    "homepage": "http://github.com/kylekatarnls"
                }
            ],
            "homepage": "http://phug-lang.com",
            "keywords": [
                "compiler",
                "dialect",
                "html",
                "jade",
                "php",
                "phtml",
                "phug",
                "presentation",
                "pug",
                "render",
                "template",
                "views"
            ],
            "time": "2017-12-04 16:50:30"
        },
        {
            "name": "phug/util",
            "version": "0.4.12",
            "source": {
                "type": "git",
                "url": "https://github.com/phug-php/util.git",
                "reference": "1716b606e34f73f2753173d5eb4876ae6d2c7e13"
            },
            "dist": {
                "type": "zip",
                "url": "https://api.github.com/repos/phug-php/util/zipball/1716b606e34f73f2753173d5eb4876ae6d2c7e13",
                "reference": "1716b606e34f73f2753173d5eb4876ae6d2c7e13",
                "shasum": ""
            },
            "require": {
                "php": ">=5.5.0",
                "phug/event": "^0.1.0"
            },
            "require-dev": {
                "phug/dev-tool": "^0.1.0"
            },
            "type": "library",
            "autoload": {
                "psr-4": {
                    "": "./src"
                }
            },
            "notification-url": "https://packagist.org/downloads/",
            "license": [
                "MIT"
            ],
            "authors": [
                {
                    "name": "Torben Koehn",
                    "email": "torben@talesoft.codes"
                },
                {
                    "name": "KyleKatarn",
                    "email": "jade-php@selfbuild.fr",
                    "homepage": "http://github.com/kylekatarnls"
                }
            ],
            "homepage": "http://phug-lang.com",
            "keywords": [
                "dialect",
                "html",
                "jade",
                "php",
                "phtml",
                "phug",
                "presentation",
                "pug",
                "render",
                "template",
                "util",
                "views"
            ],
            "time": "2017-09-12 15:37:04"
        },
        {
            "name": "psr/http-message",
            "version": "1.0.1",
            "source": {
                "type": "git",
                "url": "https://github.com/php-fig/http-message.git",
                "reference": "f6561bf28d520154e4b0ec72be95418abe6d9363"
            },
            "dist": {
                "type": "zip",
                "url": "https://api.github.com/repos/php-fig/http-message/zipball/f6561bf28d520154e4b0ec72be95418abe6d9363",
                "reference": "f6561bf28d520154e4b0ec72be95418abe6d9363",
                "shasum": ""
            },
            "require": {
                "php": ">=5.3.0"
            },
            "type": "library",
            "extra": {
                "branch-alias": {
                    "dev-master": "1.0.x-dev"
                }
            },
            "autoload": {
                "psr-4": {
                    "Psr\\Http\\Message\\": "src/"
                }
            },
            "notification-url": "https://packagist.org/downloads/",
            "license": [
                "MIT"
            ],
            "authors": [
                {
                    "name": "PHP-FIG",
                    "homepage": "http://www.php-fig.org/"
                }
            ],
            "description": "Common interface for HTTP messages",
            "homepage": "https://github.com/php-fig/http-message",
            "keywords": [
                "http",
                "http-message",
                "psr",
                "psr-7",
                "request",
                "response"
            ],
            "time": "2016-08-06 14:39:51"
        },
        {
            "name": "pug-php/pug",
            "version": "3.1.4",
            "source": {
                "type": "git",
                "url": "https://github.com/pug-php/pug.git",
                "reference": "47043d5ae6b8a23a5a30384cc7b72b5356eeff50"
            },
            "dist": {
                "type": "zip",
                "url": "https://api.github.com/repos/pug-php/pug/zipball/47043d5ae6b8a23a5a30384cc7b72b5356eeff50",
                "reference": "47043d5ae6b8a23a5a30384cc7b72b5356eeff50",
                "shasum": ""
            },
            "require": {
                "js-phpize/js-phpize-phug": "^1.1",
                "nodejs-php-fallback/nodejs-php-fallback": "^1.3.1",
                "php": ">=5.5.0",
                "phug/js-transformer-filter": "^1.0",
                "phug/phug": "^0.2.0"
            },
            "replace": {
                "kylekatarnls/jade-php": "self.version"
            },
            "require-dev": {
                "codeclimate/php-test-reporter": ">=0.3",
                "phpunit/phpunit": ">=4.8.35 <6.0"
            },
            "bin": [
                "pug"
            ],
            "type": "library",
            "extra": {
                "npm": {
                    "pug-cli": "^1.0.0-alpha6"
                },
                "npm-confirm": {
                    "pug-cli": "It allows you to use the native JS pug engine instead of the default PHP one with the `pugjs` option set to `true`"
                }
            },
            "autoload": {
                "psr-0": {
                    "Pug\\": "src/",
                    "Jade\\": "src/"
                }
            },
            "notification-url": "https://packagist.org/downloads/",
            "license": [
                "MIT"
            ],
            "authors": [
                {
                    "name": "Janez Troha",
                    "email": "janez.troha@gmail.com",
                    "homepage": "http://flavors.me/dz0ny",
                    "role": "Maintainer"
                },
                {
                    "name": "Luke GB",
                    "email": "git@lukegb.com",
                    "homepage": "http://twitter.com/lukegb",
                    "role": "Maintainer"
                },
                {
                    "name": "Ronan Tessier",
                    "email": "ronan.tessier@vaconsulting.lu",
                    "homepage": "http://github.com/ronan-gloo",
                    "role": "Maintainer"
                },
                {
                    "name": "volter9",
                    "homepage": "https://github.com/volter9",
                    "role": "Developer"
                },
                {
                    "name": "sisoftrg",
                    "homepage": "https://github.com/sisoftrg",
                    "role": "Developer"
                },
                {
                    "name": "hackaugusto",
                    "homepage": "https://github.com/hackaugusto",
                    "role": "Developer"
                },
                {
                    "name": "peniar",
                    "homepage": "https://github.com/peniar",
                    "role": "Developer"
                },
                {
                    "name": "NSinopoli",
                    "homepage": "https://github.com/NSinopoli",
                    "role": "Developer"
                },
                {
                    "name": "DJRanger",
                    "homepage": "https://github.com/DJRanger",
                    "role": "Contributor"
                },
                {
                    "name": "fcrosfly",
                    "homepage": "https://github.com/fcrosfly",
                    "role": "Contributor"
                },
                {
                    "name": "Soviut",
                    "homepage": "http://github.com/Soviut",
                    "role": "Contributor"
                },
                {
                    "name": "just-paja",
                    "homepage": "http://github.com/just-paja",
                    "role": "Contributor"
                },
                {
                    "name": "cjonasw",
                    "homepage": "http://github.com/cjonasw",
                    "role": "Contributor"
                },
                {
                    "name": "s4msung",
                    "homepage": "http://github.com/s4msung",
                    "role": "Contributor"
                },
                {
                    "name": "sadjow",
                    "homepage": "http://github.com/sadjow",
                    "role": "Contributor"
                },
                {
                    "name": "hkjels",
                    "homepage": "http://github.com/hkjels",
                    "role": "Contributor"
                },
                {
                    "name": "krizalys",
                    "homepage": "http://github.com/krizalys",
                    "role": "Contributor"
                },
                {
                    "name": "sszigeti",
                    "homepage": "http://github.com/sszigeti",
                    "role": "Contributor"
                },
                {
                    "name": "Konstantin Kudryashov",
                    "email": "konstantin.kudryashov@knplabs.com",
                    "homepage": "http://about.me/everzet",
                    "role": "Developer"
                },
                {
                    "name": "Marco \"Debo\" De Bortoli",
                    "homepage": "https://github.com/debo",
                    "role": "contributor"
                },
                {
                    "name": "kylekatarnls",
                    "email": "pug@selfbuild.fr",
                    "homepage": "http://github.com/kylekatarnls",
                    "role": "Developer"
                }
            ],
            "description": "HAML-like template engine for PHP 5.3",
            "homepage": "https://github.com/pug-php/pug",
            "keywords": [
                "jade",
                "minification",
                "pug",
                "template"
            ],
            "time": "2017-12-07 15:57:46"
        },
        {
            "name": "symfony/polyfill-mbstring",
            "version": "v1.6.0",
            "source": {
                "type": "git",
                "url": "https://github.com/symfony/polyfill-mbstring.git",
                "reference": "2ec8b39c38cb16674bbf3fea2b6ce5bf117e1296"
            },
            "dist": {
                "type": "zip",
                "url": "https://api.github.com/repos/symfony/polyfill-mbstring/zipball/2ec8b39c38cb16674bbf3fea2b6ce5bf117e1296",
                "reference": "2ec8b39c38cb16674bbf3fea2b6ce5bf117e1296",
                "shasum": ""
            },
            "require": {
                "php": ">=5.3.3"
            },
            "suggest": {
                "ext-mbstring": "For best performance"
            },
            "type": "library",
            "extra": {
                "branch-alias": {
                    "dev-master": "1.6-dev"
                }
            },
            "autoload": {
                "psr-4": {
                    "Symfony\\Polyfill\\Mbstring\\": ""
                },
                "files": [
                    "bootstrap.php"
                ]
            },
            "notification-url": "https://packagist.org/downloads/",
            "license": [
                "MIT"
            ],
            "authors": [
                {
                    "name": "Nicolas Grekas",
                    "email": "p@tchwork.com"
                },
                {
                    "name": "Symfony Community",
                    "homepage": "https://symfony.com/contributors"
                }
            ],
            "description": "Symfony polyfill for the Mbstring extension",
            "homepage": "https://symfony.com",
            "keywords": [
                "compatibility",
                "mbstring",
                "polyfill",
                "portable",
                "shim"
            ],
            "time": "2017-10-11 12:05:26"
        }
    ],
    "packages-dev": [],
    "aliases": [],
    "minimum-stability": "stable",
    "stability-flags": [],
    "prefer-stable": false,
    "prefer-lowest": false,
    "platform": [],
    "platform-dev": []
}
